
Microsoft Visual Studio Solution File, Format Version 12.00
# Visual Studio 15
VisualStudioVersion = 15.0.28307.136
MinimumVisualStudioVersion = 10.0.40219.1
Project("{9A19103F-16F7-4668-BE54-9A1E7A4F7556}") = "Alinta.Api", "Alinta\Alinta.Api\Alinta.Api.csproj", "{83F83242-5C21-4CC4-9BD7-738E17527D74}"
EndProject
Project("{9A19103F-16F7-4668-BE54-9A1E7A4F7556}") = "Alinta.Core", "Alinta\Alinta.Domain\Alinta.Core.csproj", "{F8C284FF-F25A-4B76-965E-1189F6B37955}"
EndProject
Project("{9A19103F-16F7-4668-BE54-9A1E7A4F7556}") = "Alinta.Persistence.Entity", "Alinta\Alinta.Entity\Alinta.Persistence.Entity.csproj", "{AEF976D7-D0A7-40BB-83EB-2B65289DA09B}"
EndProject
Project("{FAE04EC0-301F-11D3-BF4B-00C04F79EFBC}") = "Alinta.Tests", "Alinta.Core.Tests\Alinta.Tests.csproj", "{ECE7EAA2-6340-4514-80DA-9DC51C69C59B}"
EndProject
Project("{2150E333-8FDC-42A3-9474-1A3956D46DE8}") = "UI", "UI", "{96CB4F7B-0867-4BFB-89F8-0F5EB43FD061}"
EndProject
Project("{2150E333-8FDC-42A3-9474-1A3956D46DE8}") = "Core", "Core", "{5173DC59-3504-4029-A3CE-F03B0B466A40}"
EndProject
Project("{2150E333-8FDC-42A3-9474-1A3956D46DE8}") = "Persistence", "Persistence", "{34F368FB-073F-4ABB-AAF8-336E15D03495}"
EndProject
Project("{2150E333-8FDC-42A3-9474-1A3956D46DE8}") = "Tests", "Tests", "{D3455B5D-98CB-4A44-A9C1-FF876D694140}"
EndProject
Global
	GlobalSection(SolutionConfigurationPlatforms) = preSolution
		Debug|Any CPU = Debug|Any CPU
		Release|Any CPU = Release|Any CPU
	EndGlobalSection
	GlobalSection(ProjectConfigurationPlatforms) = postSolution
		{83F83242-5C21-4CC4-9BD7-738E17527D74}.Debug|Any CPU.ActiveCfg = Debug|Any CPU
		{83F83242-5C21-4CC4-9BD7-738E17527D74}.Debug|Any CPU.Build.0 = Debug|Any CPU
		{83F83242-5C21-4CC4-9BD7-738E17527D74}.Release|Any CPU.ActiveCfg = Release|Any CPU
		{83F83242-5C21-4CC4-9BD7-738E17527D74}.Release|Any CPU.Build.0 = Release|Any CPU
		{F8C284FF-F25A-4B76-965E-1189F6B37955}.Debug|Any CPU.ActiveCfg = Debug|Any CPU
		{F8C284FF-F25A-4B76-965E-1189F6B37955}.Debug|Any CPU.Build.0 = Debug|Any CPU
		{F8C284FF-F25A-4B76-965E-1189F6B37955}.Release|Any CPU.ActiveCfg = Release|Any CPU
		{F8C284FF-F25A-4B76-965E-1189F6B37955}.Release|Any CPU.Build.0 = Release|Any CPU
		{AEF976D7-D0A7-40BB-83EB-2B65289DA09B}.Debug|Any CPU.ActiveCfg = Debug|Any CPU
		{AEF976D7-D0A7-40BB-83EB-2B65289DA09B}.Debug|Any CPU.Build.0 = Debug|Any CPU
		{AEF976D7-D0A7-40BB-83EB-2B65289DA09B}.Release|Any CPU.ActiveCfg = Release|Any CPU
		{AEF976D7-D0A7-40BB-83EB-2B65289DA09B}.Release|Any CPU.Build.0 = Release|Any CPU
		{ECE7EAA2-6340-4514-80DA-9DC51C69C59B}.Debug|Any CPU.ActiveCfg = Debug|Any CPU
		{ECE7EAA2-6340-4514-80DA-9DC51C69C59B}.Debug|Any CPU.Build.0 = Debug|Any CPU
		{ECE7EAA2-6340-4514-80DA-9DC51C69C59B}.Release|Any CPU.ActiveCfg = Release|Any CPU
		{ECE7EAA2-6340-4514-80DA-9DC51C69C59B}.Release|Any CPU.Build.0 = Release|Any CPU
	EndGlobalSection
	GlobalSection(SolutionProperties) = preSolution
		HideSolutionNode = FALSE
	EndGlobalSection
	GlobalSection(NestedProjects) = preSolution
		{83F83242-5C21-4CC4-9BD7-738E17527D74} = {96CB4F7B-0867-4BFB-89F8-0F5EB43FD061}
		{F8C284FF-F25A-4B76-965E-1189F6B37955} = {5173DC59-3504-4029-A3CE-F03B0B466A40}
		{AEF976D7-D0A7-40BB-83EB-2B65289DA09B} = {34F368FB-073F-4ABB-AAF8-336E15D03495}
		{ECE7EAA2-6340-4514-80DA-9DC51C69C59B} = {D3455B5D-98CB-4A44-A9C1-FF876D694140}
	EndGlobalSection
	GlobalSection(ExtensibilityGlobals) = postSolution
		SolutionGuid = {BEE185B2-F598-43AA-912A-BE016F0649E8}
	EndGlobalSection
EndGlobal
